
Microsoft Visual Studio Solution File, Format Version 12.00
# Visual Studio Version 16
VisualStudioVersion = 16.0.31321.278
MinimumVisualStudioVersion = 10.0.40219.1
Project("{FAE04EC0-301F-11D3-BF4B-00C04F79EFBC}") = "WebAppAspNetMvcDatabaseFirst", "WebAppAspNetMvcDatabaseFirst\WebAppAspNetMvcDatabaseFirst.csproj", "{3E5CF9CF-25C6-4331-B1D9-914BA1F12AE8}"
EndProject
Global
	GlobalSection(SolutionConfigurationPlatforms) = preSolution
		Debug|Any CPU = Debug|Any CPU
		Release|Any CPU = Release|Any CPU
	EndGlobalSection
	GlobalSection(ProjectConfigurationPlatforms) = postSolution
		{3E5CF9CF-25C6-4331-B1D9-914BA1F12AE8}.Debug|Any CPU.ActiveCfg = Debug|Any CPU
		{3E5CF9CF-25C6-4331-B1D9-914BA1F12AE8}.Debug|Any CPU.Build.0 = Debug|Any CPU
		{3E5CF9CF-25C6-4331-B1D9-914BA1F12AE8}.Release|Any CPU.ActiveCfg = Release|Any CPU
		{3E5CF9CF-25C6-4331-B1D9-914BA1F12AE8}.Release|Any CPU.Build.0 = Release|Any CPU
	EndGlobalSection
	GlobalSection(SolutionProperties) = preSolution
		HideSolutionNode = FALSE
	EndGlobalSection
	GlobalSection(ExtensibilityGlobals) = postSolution
		SolutionGuid = {7E2564E4-67C4-499E-A442-976B3C61957F}
	EndGlobalSection
EndGlobal
